// !$*UTF8*$!
{
	archiveVersion = 1;
	classes = {
	};
	objectVersion = 46;
	objects = {

/* Begin PBXBuildFile section */
		217FAE291F6FBA6800B03A8D /* main.m in Sources */ = {isa = PBXBuildFile; fileRef = 217FAE281F6FBA6800B03A8D /* main.m */; };
		217FAE2C1F6FBA6800B03A8D /* AppDelegate.m in Sources */ = {isa = PBXBuildFile; fileRef = 217FAE2B1F6FBA6800B03A8D /* AppDelegate.m */; };
		217FAE2F1F6FBA6800B03A8D /* FirstViewController.m in Sources */ = {isa = PBXBuildFile; fileRef = 217FAE2E1F6FBA6800B03A8D /* FirstViewController.m */; };
		217FAE321F6FBA6800B03A8D /* SecondViewController.m in Sources */ = {isa = PBXBuildFile; fileRef = 217FAE311F6FBA6800B03A8D /* SecondViewController.m */; };
		217FAE351F6FBA6800B03A8D /* Main.storyboard in Resources */ = {isa = PBXBuildFile; fileRef = 217FAE331F6FBA6800B03A8D /* Main.storyboard */; };
		217FAE371F6FBA6800B03A8D /* Assets.xcassets in Resources */ = {isa = PBXBuildFile; fileRef = 217FAE361F6FBA6800B03A8D /* Assets.xcassets */; };
		217FAE3A1F6FBA6800B03A8D /* LaunchScreen.storyboard in Resources */ = {isa = PBXBuildFile; fileRef = 217FAE381F6FBA6800B03A8D /* LaunchScreen.storyboard */; };
/* End PBXBuildFile section */

/* Begin PBXFileReference section */
		217FAE241F6FBA6800B03A8D /* suning.app */ = {isa = PBXFileReference; explicitFileType = wrapper.application; includeInIndex = 0; path = suning.app; sourceTree = BUILT_PRODUCTS_DIR; };
		217FAE281F6FBA6800B03A8D /* main.m */ = {isa = PBXFileReference; lastKnownFileType = sourcecode.c.objc; path = main.m; sourceTree = "<group>"; };
		217FAE2A1F6FBA6800B03A8D /* AppDelegate.h */ = {isa = PBXFileReference; lastKnownFileType = sourcecode.c.h; path = AppDelegate.h; sourceTree = "<group>"; };
		217FAE2B1F6FBA6800B03A8D /* AppDelegate.m */ = {isa = PBXFileReference; lastKnownFileType = sourcecode.c.objc; path = AppDelegate.m; sourceTree = "<group>"; };
		217FAE2D1F6FBA6800B03A8D /* FirstViewController.h */ = {isa = PBXFileReference; lastKnownFileType = sourcecode.c.h; path = FirstViewController.h; sourceTree = "<group>"; };
		217FAE2E1F6FBA6800B03A8D /* FirstViewController.m */ = {isa = PBXFileReference; lastKnownFileType = sourcecode.c.objc; path = FirstViewController.m; sourceTree = "<group>"; };
		217FAE301F6FBA6800B03A8D /* SecondViewController.h */ = {isa = PBXFileReference; lastKnownFileType = sourcecode.c.h; path = SecondViewController.h; sourceTree = "<group>"; };
		217FAE311F6FBA6800B03A8D /* SecondViewController.m */ = {isa = PBXFileReference; lastKnownFileType = sourcecode.c.objc; path = SecondViewController.m; sourceTree = "<group>"; };
		217FAE341F6FBA6800B03A8D /* Base */ = {isa = PBXFileReference; lastKnownFileType = file.storyboard; name = Base; path = Base.lproj/Main.storyboard; sourceTree = "<group>"; };
		217FAE361F6FBA6800B03A8D /* Assets.xcassets */ = {isa = PBXFileReference; lastKnownFileType = folder.assetcatalog; path = Assets.xcassets; sourceTree = "<group>"; };
		217FAE391F6FBA6800B03A8D /* Base */ = {isa = PBXFileReference; lastKnownFileType = file.storyboard; name = Base; path = Base.lproj/LaunchScreen.storyboard; sourceTree = "<group>"; };
		217FAE3B1F6FBA6800B03A8D /* Info.plist */ = {isa = PBXFileReference; lastKnownFileType = text.plist.xml; path = Info.plist; sourceTree = "<group>"; };
/* End PBXFileReference section */

/* Begin PBXFrameworksBuildPhase section */
		217FAE211F6FBA6800B03A8D /* Frameworks */ = {
			isa = PBXFrameworksBuildPhase;
			buildActionMask = 2147483647;
			files = (
			);
			runOnlyForDeploymentPostprocessing = 0;
		};
/* End PBXFrameworksBuildPhase section */

/* Begin PBXGroup section */
		217FAE1B1F6FBA6800B03A8D = {
			isa = PBXGroup;
			children = (
				217FAE261F6FBA6800B03A8D /* suning */,
				217FAE251F6FBA6800B03A8D /* Products */,
			);
			sourceTree = "<group>";
		};
		217FAE251F6FBA6800B03A8D /* Products */ = {
			isa = PBXGroup;
			children = (
				217FAE241F6FBA6800B03A8D /* suning.app */,
			);
			name = Products;
			sourceTree = "<group>";
		};
		217FAE261F6FBA6800B03A8D /* suning */ = {
			isa = PBXGroup;
			children = (
				217FAE2A1F6FBA6800B03A8D /* AppDelegate.h */,
				217FAE2B1F6FBA6800B03A8D /* AppDelegate.m */,
				217FAE2D1F6FBA6800B03A8D /* FirstViewController.h */,
				217FAE2E1F6FBA6800B03A8D /* FirstViewController.m */,
				217FAE301F6FBA6800B03A8D /* SecondViewController.h */,
				217FAE311F6FBA6800B03A8D /* SecondViewController.m */,
				217FAE331F6FBA6800B03A8D /* Main.storyboard */,
				217FAE361F6FBA6800B03A8D /* Assets.xcassets */,
				217FAE381F6FBA6800B03A8D /* LaunchScreen.storyboard */,
				217FAE3B1F6FBA6800B03A8D /* Info.plist */,
				217FAE271F6FBA6800B03A8D /* Supporting Files */,
			);
			path = suning;
			sourceTree = "<group>";
		};
		217FAE271F6FBA6800B03A8D /* Supporting Files */ = {
			isa = PBXGroup;
			children = (
				217FAE281F6FBA6800B03A8D /* main.m */,
			);
			name = "Supporting Files";
			sourceTree = "<group>";
		};
/* End PBXGroup section */

/* Begin PBXNativeTarget section */
		217FAE231F6FBA6800B03A8D /* suning */ = {
			isa = PBXNativeTarget;
			buildConfigurationList = 217FAE3E1F6FBA6800B03A8D /* Build configuration list for PBXNativeTarget "suning" */;
			buildPhases = (
				217FAE201F6FBA6800B03A8D /* Sources */,
				217FAE211F6FBA6800B03A8D /* Frameworks */,
				217FAE221F6FBA6800B03A8D /* Resources */,
			);
			buildRules = (
			);
			dependencies = (
			);
			name = suning;
			productName = suning;
			productReference = 217FAE241F6FBA6800B03A8D /* suning.app */;
			productType = "com.apple.product-type.application";
		};
/* End PBXNativeTarget section */

/* Begin PBXProject section */
		217FAE1C1F6FBA6800B03A8D /* Project object */ = {
			isa = PBXProject;
			attributes = {
				LastUpgradeCheck = 0830;
				ORGANIZATIONNAME = Bai;
				TargetAttributes = {
					217FAE231F6FBA6800B03A8D = {
						CreatedOnToolsVersion = 8.3.2;
						ProvisioningStyle = Automatic;
					};
				};
			};
			buildConfigurationList = 217FAE1F1F6FBA6800B03A8D /* Build configuration list for PBXProject "suning" */;
			compatibilityVersion = "Xcode 3.2";
			developmentRegion = English;
			hasScannedForEncodings = 0;
			knownRegions = (
				en,
				Base,
			);
			mainGroup = 217FAE1B1F6FBA6800B03A8D;
			productRefGroup = 217FAE251F6FBA6800B03A8D /* Products */;
			projectDirPath = "";
			projectRoot = "";
			targets = (
				217FAE231F6FBA6800B03A8D /* suning */,
			);
		};
/* End PBXProject section */

/* Begin PBXResourcesBuildPhase section */
		217FAE221F6FBA6800B03A8D /* Resources */ = {
			isa = PBXResourcesBuildPhase;
			buildActionMask = 2147483647;
			files = (
				217FAE3A1F6FBA6800B03A8D /* LaunchScreen.storyboard in Resources */,
				217FAE371F6FBA6800B03A8D /* Assets.xcassets in Resources */,
				217FAE351F6FBA6800B03A8D /* Main.storyboard in Resources */,
			);
			runOnlyForDeploymentPostprocessing = 0;
		};
/* End PBXResourcesBuildPhase section */

/* Begin PBXSourcesBuildPhase section */
		217FAE201F6FBA6800B03A8D /* Sources */ = {
			isa = PBXSourcesBuildPhase;
			buildActionMask = 2147483647;
			files = (
				217FAE321F6FBA6800B03A8D /* SecondViewController.m in Sources */,
				217FAE2C1F6FBA6800B03A8D /* AppDelegate.m in Sources */,
				217FAE2F1F6FBA6800B03A8D /* FirstViewController.m in Sources */,
				217FAE291F6FBA6800B03A8D /* main.m in Sources */,
			);
			runOnlyForDeploymentPostprocessing = 0;
		};
/* End PBXSourcesBuildPhase section */

/* Begin PBXVariantGroup section */
		217FAE331F6FBA6800B03A8D /* Main.storyboard */ = {
			isa = PBXVariantGroup;
			children = (
				217FAE341F6FBA6800B03A8D /* Base */,
			);
			name = Main.storyboard;
			sourceTree = "<group>";
		};
		217FAE381F6FBA6800B03A8D /* LaunchScreen.storyboard */ = {
			isa = PBXVariantGroup;
			children = (
				217FAE391F6FBA6800B03A8D /* Base */,
			);
			name = LaunchScreen.storyboard;
			sourceTree = "<group>";
		};
/* End PBXVariantGroup section */

/* Begin XCBuildConfiguration section */
		217FAE3C1F6FBA6800B03A8D /* Debug */ = {
			isa = XCBuildConfiguration;
			buildSettings = {
				ALWAYS_SEARCH_USER_PATHS = NO;
				CLANG_ANALYZER_NONNULL = YES;
				CLANG_ANALYZER_NUMBER_OBJECT_CONVERSION = YES_AGGRESSIVE;
				CLANG_CXX_LANGUAGE_STANDARD = "gnu++0x";
				CLANG_CXX_LIBRARY = "libc++";
				CLANG_ENABLE_MODULES = YES;
				CLANG_ENABLE_OBJC_ARC = YES;
				CLANG_WARN_BOOL_CONVERSION = YES;
				CLANG_WARN_CONSTANT_CONVERSION = YES;
				CLANG_WARN_DIRECT_OBJC_ISA_USAGE = YES_ERROR;
				CLANG_WARN_DOCUMENTATION_COMMENTS = YES;
				CLANG_WARN_EMPTY_BODY = YES;
				CLANG_WARN_ENUM_CONVERSION = YES;
				CLANG_WARN_INFINITE_RECURSION = YES;
				CLANG_WARN_INT_CONVERSION = YES;
				CLANG_WARN_OBJC_ROOT_CLASS = YES_ERROR;
				CLANG_WARN_SUSPICIOUS_MOVE = YES;
				CLANG_WARN_UNREACHABLE_CODE = YES;
				CLANG_WARN__DUPLICATE_METHOD_MATCH = YES;
				"CODE_SIGN_IDENTITY[sdk=iphoneos*]" = "iPhone Developer";
				COPY_PHASE_STRIP = NO;
				DEBUG_INFORMATION_FORMAT = dwarf;
				ENABLE_STRICT_OBJC_MSGSEND = YES;
				ENABLE_TESTABILITY = YES;
				GCC_C_LANGUAGE_STANDARD = gnu99;
				GCC_DYNAMIC_NO_PIC = NO;
				GCC_NO_COMMON_BLOCKS = YES;
				GCC_OPTIMIZATION_LEVEL = 0;
				GCC_PREPROCESSOR_DEFINITIONS = (
					"DEBUG=1",
					"$(inherited)",
				);
				GCC_WARN_64_TO_32_BIT_CONVERSION = YES;
				GCC_WARN_ABOUT_RETURN_TYPE = YES_ERROR;
				GCC_WARN_UNDECLARED_SELECTOR = YES;
				GCC_WARN_UNINITIALIZED_AUTOS = YES_AGGRESSIVE;
				GCC_WARN_UNUSED_FUNCTION = YES;
				GCC_WARN_UNUSED_VARIABLE = YES;
				IPHONEOS_DEPLOYMENT_TARGET = 10.3;
				MTL_ENABLE_DEBUG_INFO = YES;
				ONLY_ACTIVE_ARCH = YES;
				SDKROOT = iphoneos;
			};
			name = Debug;
		};
		217FAE3D1F6FBA6800B03A8D /* Release */ = {
			isa = XCBuildConfiguration;
			buildSettings = {
				ALWAYS_SEARCH_USER_PATHS = NO;
				CLANG_ANALYZER_NONNULL = YES;
				CLANG_ANALYZER_NUMBER_OBJECT_CONVERSION = YES_AGGRESSIVE;
				CLANG_CXX_LANGUAGE_STANDARD = "gnu++0x";
				CLANG_CXX_LIBRARY = "libc++";
				CLANG_ENABLE_MODULES = YES;
				CLANG_ENABLE_OBJC_ARC = YES;
				CLANG_WARN_BOOL_CONVERSION = YES;
				CLANG_WARN_CONSTANT_CONVERSION = YES;
				CLANG_WARN_DIRECT_OBJC_ISA_USAGE = YES_ERROR;
				CLANG_WARN_DOCUMENTATION_COMMENTS = YES;
				CLANG_WARN_EMPTY_BODY = YES;
				CLANG_WARN_ENUM_CONVERSION = YES;
				CLANG_WARN_INFINITE_RECURSION = YES;
				CLANG_WARN_INT_CONVERSION = YES;
				CLANG_WARN_OBJC_ROOT_CLASS = YES_ERROR;
				CLANG_WARN_SUSPICIOUS_MOVE = YES;
				CLANG_WARN_UNREACHABLE_CODE = YES;
				CLANG_WARN__DUPLICATE_METHOD_MATCH = YES;
				"CODE_SIGN_IDENTITY[sdk=iphoneos*]" = "iPhone Developer";
				COPY_PHASE_STRIP = NO;
				DEBUG_INFORMATION_FORMAT = "dwarf-with-dsym";
				ENABLE_NS_ASSERTIONS = NO;
				ENABLE_STRICT_OBJC_MSGSEND = YES;
				GCC_C_LANGUAGE_STANDARD = gnu99;
				GCC_NO_COMMON_BLOCKS = YES;
				GCC_WARN_64_TO_32_BIT_CONVERSION = YES;
				GCC_WARN_ABOUT_RETURN_TYPE = YES_ERROR;
				GCC_WARN_UNDECLARED_SELECTOR = YES;
				GCC_WARN_UNINITIALIZED_AUTOS = YES_AGGRESSIVE;
				GCC_WARN_UNUSED_FUNCTION = YES;
				GCC_WARN_UNUSED_VARIABLE = YES;
				IPHONEOS_DEPLOYMENT_TARGET = 10.3;
				MTL_ENABLE_DEBUG_INFO = NO;
				SDKROOT = iphoneos;
				VALIDATE_PRODUCT = YES;
			};
			name = Release;
		};
		217FAE3F1F6FBA6800B03A8D /* Debug */ = {
			isa = XCBuildConfiguration;
			buildSettings = {
				ASSETCATALOG_COMPILER_APPICON_NAME = AppIcon;
				INFOPLIST_FILE = suning/Info.plist;
				LD_RUNPATH_SEARCH_PATHS = "$(inherited) @executable_path/Frameworks";
				PRODUCT_BUNDLE_IDENTIFIER = com.bai.suning;
				PRODUCT_NAME = "$(TARGET_NAME)";
			};
			name = Debug;
		};
		217FAE401F6FBA6800B03A8D /* Release */ = {
			isa = XCBuildConfiguration;
			buildSettings = {
				ASSETCATALOG_COMPILER_APPICON_NAME = AppIcon;
				INFOPLIST_FILE = suning/Info.plist;
				LD_RUNPATH_SEARCH_PATHS = "$(inherited) @executable_path/Frameworks";
				PRODUCT_BUNDLE_IDENTIFIER = com.bai.suning;
				PRODUCT_NAME = "$(TARGET_NAME)";
			};
			name = Release;
		};
/* End XCBuildConfiguration section */

/* Begin XCConfigurationList section */
		217FAE1F1F6FBA6800B03A8D /* Build configuration list for PBXProject "suning" */ = {
			isa = XCConfigurationList;
			buildConfigurations = (
				217FAE3C1F6FBA6800B03A8D /* Debug */,
				217FAE3D1F6FBA6800B03A8D /* Release */,
			);
			defaultConfigurationIsVisible = 0;
			defaultConfigurationName = Release;
		};
		217FAE3E1F6FBA6800B03A8D /* Build configuration list for PBXNativeTarget "suning" */ = {
			isa = XCConfigurationList;
			buildConfigurations = (
				217FAE3F1F6FBA6800B03A8D /* Debug */,
				217FAE401F6FBA6800B03A8D /* Release */,
			);
			defaultConfigurationIsVisible = 0;
		};
/* End XCConfigurationList section */
	};
	rootObject = 217FAE1C1F6FBA6800B03A8D /* Project object */;
}
